
Microsoft Visual Studio Solution File, Format Version 12.00
# Visual Studio 15
Project("{FAE04EC0-301F-11D3-BF4B-00C04F79EFBC}") = "Assembly-CSharp", "Assembly-CSharp.csproj", "{904A709E-3E4F-6959-94E3-608E93000F62}"
EndProject
Project("{FAE04EC0-301F-11D3-BF4B-00C04F79EFBC}") = "Assembly-CSharp-firstpass", "Assembly-CSharp-firstpass.csproj", "{2B22C442-18B0-EDFF-1CF3-DE7B2EF13C01}"
EndProject
Project("{FAE04EC0-301F-11D3-BF4B-00C04F79EFBC}") = "Assembly-CSharp-Editor-firstpass", "Assembly-CSharp-Editor-firstpass.csproj", "{EECF6829-AC4A-6BB6-5AAB-A4327BF34CD3}"
EndProject
Global
	GlobalSection(SolutionConfigurationPlatforms) = preSolution
		Debug|Any CPU = Debug|Any CPU
		Release|Any CPU = Release|Any CPU
	EndGlobalSection
	GlobalSection(ProjectConfigurationPlatforms) = postSolution
		{904A709E-3E4F-6959-94E3-608E93000F62}.Debug|Any CPU.ActiveCfg = Debug|Any CPU
		{904A709E-3E4F-6959-94E3-608E93000F62}.Debug|Any CPU.Build.0 = Debug|Any CPU
		{904A709E-3E4F-6959-94E3-608E93000F62}.Release|Any CPU.ActiveCfg = Release|Any CPU
		{904A709E-3E4F-6959-94E3-608E93000F62}.Release|Any CPU.Build.0 = Release|Any CPU
		{2B22C442-18B0-EDFF-1CF3-DE7B2EF13C01}.Debug|Any CPU.ActiveCfg = Debug|Any CPU
		{2B22C442-18B0-EDFF-1CF3-DE7B2EF13C01}.Debug|Any CPU.Build.0 = Debug|Any CPU
		{2B22C442-18B0-EDFF-1CF3-DE7B2EF13C01}.Release|Any CPU.ActiveCfg = Release|Any CPU
		{2B22C442-18B0-EDFF-1CF3-DE7B2EF13C01}.Release|Any CPU.Build.0 = Release|Any CPU
		{EECF6829-AC4A-6BB6-5AAB-A4327BF34CD3}.Debug|Any CPU.ActiveCfg = Debug|Any CPU
		{EECF6829-AC4A-6BB6-5AAB-A4327BF34CD3}.Debug|Any CPU.Build.0 = Debug|Any CPU
		{EECF6829-AC4A-6BB6-5AAB-A4327BF34CD3}.Release|Any CPU.ActiveCfg = Release|Any CPU
		{EECF6829-AC4A-6BB6-5AAB-A4327BF34CD3}.Release|Any CPU.Build.0 = Release|Any CPU
	EndGlobalSection
	GlobalSection(SolutionProperties) = preSolution
		HideSolutionNode = FALSE
	EndGlobalSection
EndGlobal
